
Microsoft Visual Studio Solution File, Format Version 12.00
# Visual Studio Version 16
VisualStudioVersion = 16.0.31424.327
MinimumVisualStudioVersion = 10.0.40219.1
Project("{FAE04EC0-301F-11D3-BF4B-00C04F79EFBC}") = "P01 Problem 1 Coffee", "P01 Problem 1 Coffee\P01 Problem 1 Coffee.csproj", "{CF5AAE9A-D818-44DB-A28B-B5DD027CDA77}"
EndProject
Project("{FAE04EC0-301F-11D3-BF4B-00C04F79EFBC}") = "P02 Weapon", "P02 Weapon\P02 Weapon.csproj", "{387345E0-CB83-4FE9-A370-A2E79C1019AE}"
EndProject
Project("{FAE04EC0-301F-11D3-BF4B-00C04F79EFBC}") = "P03 Phone Shop", "P03 Phone Shop\P03 Phone Shop.csproj", "{A9EBE4F3-37A0-4B57-8248-915BFDEF02B4}"
EndProject
Global
	GlobalSection(SolutionConfigurationPlatforms) = preSolution
		Debug|Any CPU = Debug|Any CPU
		Release|Any CPU = Release|Any CPU
	EndGlobalSection
	GlobalSection(ProjectConfigurationPlatforms) = postSolution
		{CF5AAE9A-D818-44DB-A28B-B5DD027CDA77}.Debug|Any CPU.ActiveCfg = Debug|Any CPU
		{CF5AAE9A-D818-44DB-A28B-B5DD027CDA77}.Debug|Any CPU.Build.0 = Debug|Any CPU
		{CF5AAE9A-D818-44DB-A28B-B5DD027CDA77}.Release|Any CPU.ActiveCfg = Release|Any CPU
		{CF5AAE9A-D818-44DB-A28B-B5DD027CDA77}.Release|Any CPU.Build.0 = Release|Any CPU
		{387345E0-CB83-4FE9-A370-A2E79C1019AE}.Debug|Any CPU.ActiveCfg = Debug|Any CPU
		{387345E0-CB83-4FE9-A370-A2E79C1019AE}.Debug|Any CPU.Build.0 = Debug|Any CPU
		{387345E0-CB83-4FE9-A370-A2E79C1019AE}.Release|Any CPU.ActiveCfg = Release|Any CPU
		{387345E0-CB83-4FE9-A370-A2E79C1019AE}.Release|Any CPU.Build.0 = Release|Any CPU
		{A9EBE4F3-37A0-4B57-8248-915BFDEF02B4}.Debug|Any CPU.ActiveCfg = Debug|Any CPU
		{A9EBE4F3-37A0-4B57-8248-915BFDEF02B4}.Debug|Any CPU.Build.0 = Debug|Any CPU
		{A9EBE4F3-37A0-4B57-8248-915BFDEF02B4}.Release|Any CPU.ActiveCfg = Release|Any CPU
		{A9EBE4F3-37A0-4B57-8248-915BFDEF02B4}.Release|Any CPU.Build.0 = Release|Any CPU
	EndGlobalSection
	GlobalSection(SolutionProperties) = preSolution
		HideSolutionNode = FALSE
	EndGlobalSection
	GlobalSection(ExtensibilityGlobals) = postSolution
		SolutionGuid = {370EB380-583A-4777-A74C-C79A53532137}
	EndGlobalSection
EndGlobal
