
Microsoft Visual Studio Solution File, Format Version 12.00
# Visual Studio Version 16
VisualStudioVersion = 16.0.31424.327
MinimumVisualStudioVersion = 10.0.40219.1
Project("{FAE04EC0-301F-11D3-BF4B-00C04F79EFBC}") = "P01 Counter Strike", "P01 Counter Strike\P01 Counter Strike.csproj", "{7A983F05-A4C2-4D29-990B-CF007E87F2D5}"
EndProject
Project("{FAE04EC0-301F-11D3-BF4B-00C04F79EFBC}") = "P02 Shoot for the win", "P02 Shoot for the win\P02 Shoot for the win.csproj", "{1062FEA2-3584-46F2-BC60-F48F11DDD466}"
EndProject
Project("{FAE04EC0-301F-11D3-BF4B-00C04F79EFBC}") = "P03 Moving Target", "P03 Moving Target\P03 Moving Target.csproj", "{145EBA54-4BC2-454B-9BA5-930FE480ADC9}"
EndProject
Global
	GlobalSection(SolutionConfigurationPlatforms) = preSolution
		Debug|Any CPU = Debug|Any CPU
		Release|Any CPU = Release|Any CPU
	EndGlobalSection
	GlobalSection(ProjectConfigurationPlatforms) = postSolution
		{7A983F05-A4C2-4D29-990B-CF007E87F2D5}.Debug|Any CPU.ActiveCfg = Debug|Any CPU
		{7A983F05-A4C2-4D29-990B-CF007E87F2D5}.Debug|Any CPU.Build.0 = Debug|Any CPU
		{7A983F05-A4C2-4D29-990B-CF007E87F2D5}.Release|Any CPU.ActiveCfg = Release|Any CPU
		{7A983F05-A4C2-4D29-990B-CF007E87F2D5}.Release|Any CPU.Build.0 = Release|Any CPU
		{1062FEA2-3584-46F2-BC60-F48F11DDD466}.Debug|Any CPU.ActiveCfg = Debug|Any CPU
		{1062FEA2-3584-46F2-BC60-F48F11DDD466}.Debug|Any CPU.Build.0 = Debug|Any CPU
		{1062FEA2-3584-46F2-BC60-F48F11DDD466}.Release|Any CPU.ActiveCfg = Release|Any CPU
		{1062FEA2-3584-46F2-BC60-F48F11DDD466}.Release|Any CPU.Build.0 = Release|Any CPU
		{145EBA54-4BC2-454B-9BA5-930FE480ADC9}.Debug|Any CPU.ActiveCfg = Debug|Any CPU
		{145EBA54-4BC2-454B-9BA5-930FE480ADC9}.Debug|Any CPU.Build.0 = Debug|Any CPU
		{145EBA54-4BC2-454B-9BA5-930FE480ADC9}.Release|Any CPU.ActiveCfg = Release|Any CPU
		{145EBA54-4BC2-454B-9BA5-930FE480ADC9}.Release|Any CPU.Build.0 = Release|Any CPU
	EndGlobalSection
	GlobalSection(SolutionProperties) = preSolution
		HideSolutionNode = FALSE
	EndGlobalSection
	GlobalSection(ExtensibilityGlobals) = postSolution
		SolutionGuid = {22C72046-5868-43E6-AB72-6345E2F70B4E}
	EndGlobalSection
EndGlobal
