
Microsoft Visual Studio Solution File, Format Version 12.00
# Visual Studio Version 16
VisualStudioVersion = 16.0.31424.327
MinimumVisualStudioVersion = 10.0.40219.1
Project("{FAE04EC0-301F-11D3-BF4B-00C04F79EFBC}") = "P01 Match Name", "P01 Match Name\P01 Match Name.csproj", "{EB396290-FD5F-439A-BB14-8DA1AC85B17E}"
EndProject
Project("{FAE04EC0-301F-11D3-BF4B-00C04F79EFBC}") = "P02 Phone Number", "P02 Phone Number\P02 Phone Number.csproj", "{DAFF8666-1C5C-4B86-BD5B-1C5A0EB6070A}"
EndProject
Project("{FAE04EC0-301F-11D3-BF4B-00C04F79EFBC}") = "P03 Match Dates", "P03 Match Dates\P03 Match Dates.csproj", "{D0988705-773A-4599-A656-AFA136714A53}"
EndProject
Global
	GlobalSection(SolutionConfigurationPlatforms) = preSolution
		Debug|Any CPU = Debug|Any CPU
		Release|Any CPU = Release|Any CPU
	EndGlobalSection
	GlobalSection(ProjectConfigurationPlatforms) = postSolution
		{EB396290-FD5F-439A-BB14-8DA1AC85B17E}.Debug|Any CPU.ActiveCfg = Debug|Any CPU
		{EB396290-FD5F-439A-BB14-8DA1AC85B17E}.Debug|Any CPU.Build.0 = Debug|Any CPU
		{EB396290-FD5F-439A-BB14-8DA1AC85B17E}.Release|Any CPU.ActiveCfg = Release|Any CPU
		{EB396290-FD5F-439A-BB14-8DA1AC85B17E}.Release|Any CPU.Build.0 = Release|Any CPU
		{DAFF8666-1C5C-4B86-BD5B-1C5A0EB6070A}.Debug|Any CPU.ActiveCfg = Debug|Any CPU
		{DAFF8666-1C5C-4B86-BD5B-1C5A0EB6070A}.Debug|Any CPU.Build.0 = Debug|Any CPU
		{DAFF8666-1C5C-4B86-BD5B-1C5A0EB6070A}.Release|Any CPU.ActiveCfg = Release|Any CPU
		{DAFF8666-1C5C-4B86-BD5B-1C5A0EB6070A}.Release|Any CPU.Build.0 = Release|Any CPU
		{D0988705-773A-4599-A656-AFA136714A53}.Debug|Any CPU.ActiveCfg = Debug|Any CPU
		{D0988705-773A-4599-A656-AFA136714A53}.Debug|Any CPU.Build.0 = Debug|Any CPU
		{D0988705-773A-4599-A656-AFA136714A53}.Release|Any CPU.ActiveCfg = Release|Any CPU
		{D0988705-773A-4599-A656-AFA136714A53}.Release|Any CPU.Build.0 = Release|Any CPU
	EndGlobalSection
	GlobalSection(SolutionProperties) = preSolution
		HideSolutionNode = FALSE
	EndGlobalSection
	GlobalSection(ExtensibilityGlobals) = postSolution
		SolutionGuid = {1DA2AC73-979F-4DAD-A84A-CF4D1C921EA6}
	EndGlobalSection
EndGlobal
