
Microsoft Visual Studio Solution File, Format Version 12.00
# Visual Studio Version 16
VisualStudioVersion = 16.0.31424.327
MinimumVisualStudioVersion = 10.0.40219.1
Project("{FAE04EC0-301F-11D3-BF4B-00C04F79EFBC}") = "P01 Bonus scoring", "P01 Bonus scoring\P01 Bonus scoring.csproj", "{774E7053-A4A3-4313-8344-6BA80A3C8300}"
EndProject
Global
	GlobalSection(SolutionConfigurationPlatforms) = preSolution
		Debug|Any CPU = Debug|Any CPU
		Release|Any CPU = Release|Any CPU
	EndGlobalSection
	GlobalSection(ProjectConfigurationPlatforms) = postSolution
		{774E7053-A4A3-4313-8344-6BA80A3C8300}.Debug|Any CPU.ActiveCfg = Debug|Any CPU
		{774E7053-A4A3-4313-8344-6BA80A3C8300}.Debug|Any CPU.Build.0 = Debug|Any CPU
		{774E7053-A4A3-4313-8344-6BA80A3C8300}.Release|Any CPU.ActiveCfg = Release|Any CPU
		{774E7053-A4A3-4313-8344-6BA80A3C8300}.Release|Any CPU.Build.0 = Release|Any CPU
	EndGlobalSection
	GlobalSection(SolutionProperties) = preSolution
		HideSolutionNode = FALSE
	EndGlobalSection
	GlobalSection(ExtensibilityGlobals) = postSolution
		SolutionGuid = {D406BCE3-65DA-49C2-8642-0FE9A01C6502}
	EndGlobalSection
EndGlobal
