
Microsoft Visual Studio Solution File, Format Version 12.00
# Visual Studio Version 16
VisualStudioVersion = 16.0.31424.327
MinimumVisualStudioVersion = 10.0.40219.1
Project("{FAE04EC0-301F-11D3-BF4B-00C04F79EFBC}") = "P01", "P01\P01.csproj", "{EC832EF3-A258-4201-9D07-9A6E6B154E5C}"
EndProject
Project("{FAE04EC0-301F-11D3-BF4B-00C04F79EFBC}") = "P02", "P02\P02.csproj", "{EE23C97D-14ED-41AD-87B2-04CE9F687169}"
EndProject
Project("{FAE04EC0-301F-11D3-BF4B-00C04F79EFBC}") = "P03", "P03\P03.csproj", "{EA7CCEDB-26F6-4E4B-BACA-DFF45421E3B1}"
EndProject
Global
	GlobalSection(SolutionConfigurationPlatforms) = preSolution
		Debug|Any CPU = Debug|Any CPU
		Release|Any CPU = Release|Any CPU
	EndGlobalSection
	GlobalSection(ProjectConfigurationPlatforms) = postSolution
		{EC832EF3-A258-4201-9D07-9A6E6B154E5C}.Debug|Any CPU.ActiveCfg = Debug|Any CPU
		{EC832EF3-A258-4201-9D07-9A6E6B154E5C}.Debug|Any CPU.Build.0 = Debug|Any CPU
		{EC832EF3-A258-4201-9D07-9A6E6B154E5C}.Release|Any CPU.ActiveCfg = Release|Any CPU
		{EC832EF3-A258-4201-9D07-9A6E6B154E5C}.Release|Any CPU.Build.0 = Release|Any CPU
		{EE23C97D-14ED-41AD-87B2-04CE9F687169}.Debug|Any CPU.ActiveCfg = Debug|Any CPU
		{EE23C97D-14ED-41AD-87B2-04CE9F687169}.Debug|Any CPU.Build.0 = Debug|Any CPU
		{EE23C97D-14ED-41AD-87B2-04CE9F687169}.Release|Any CPU.ActiveCfg = Release|Any CPU
		{EE23C97D-14ED-41AD-87B2-04CE9F687169}.Release|Any CPU.Build.0 = Release|Any CPU
		{EA7CCEDB-26F6-4E4B-BACA-DFF45421E3B1}.Debug|Any CPU.ActiveCfg = Debug|Any CPU
		{EA7CCEDB-26F6-4E4B-BACA-DFF45421E3B1}.Debug|Any CPU.Build.0 = Debug|Any CPU
		{EA7CCEDB-26F6-4E4B-BACA-DFF45421E3B1}.Release|Any CPU.ActiveCfg = Release|Any CPU
		{EA7CCEDB-26F6-4E4B-BACA-DFF45421E3B1}.Release|Any CPU.Build.0 = Release|Any CPU
	EndGlobalSection
	GlobalSection(SolutionProperties) = preSolution
		HideSolutionNode = FALSE
	EndGlobalSection
	GlobalSection(ExtensibilityGlobals) = postSolution
		SolutionGuid = {C6D79536-0F72-44C3-92A1-5E0419DEADF2}
	EndGlobalSection
EndGlobal
